
Microsoft Visual Studio Solution File, Format Version 12.00
# Visual Studio Version 16
VisualStudioVersion = 25.0.1706.8
MinimumVisualStudioVersion = 10.0.40219.1
Project("{FAE04EC0-301F-11D3-BF4B-00C04F79EFBC}") = "simpleInheritance", "simpleInheritance\simpleInheritance.csproj", "{B8CE1451-7F24-415D-87CE-BA2075313BCB}"
EndProject
Global
	GlobalSection(SolutionConfigurationPlatforms) = preSolution
		Debug|Any CPU = Debug|Any CPU
		Release|Any CPU = Release|Any CPU
	EndGlobalSection
	GlobalSection(ProjectConfigurationPlatforms) = postSolution
		{B8CE1451-7F24-415D-87CE-BA2075313BCB}.Debug|Any CPU.ActiveCfg = Debug|Any CPU
		{B8CE1451-7F24-415D-87CE-BA2075313BCB}.Debug|Any CPU.Build.0 = Debug|Any CPU
		{B8CE1451-7F24-415D-87CE-BA2075313BCB}.Release|Any CPU.ActiveCfg = Release|Any CPU
		{B8CE1451-7F24-415D-87CE-BA2075313BCB}.Release|Any CPU.Build.0 = Release|Any CPU
	EndGlobalSection
	GlobalSection(SolutionProperties) = preSolution
		HideSolutionNode = FALSE
	EndGlobalSection
	GlobalSection(ExtensibilityGlobals) = postSolution
		SolutionGuid = {7245FFDA-F5D3-40DA-A5FC-89C57260A737}
	EndGlobalSection
EndGlobal
